
Microsoft Visual Studio Solution File, Format Version 12.00
# Visual Studio Version 16
VisualStudioVersion = 16.0.28803.352
MinimumVisualStudioVersion = 10.0.40219.1
Project("{9A19103F-16F7-4668-BE54-9A1E7A4F7556}") = "Haengma.SGF.Tests", "Haengma.SGF.Tests\Haengma.SGF.Tests.csproj", "{73F3E969-5038-4824-8C00-F7306AA061A1}"
EndProject
Project("{9A19103F-16F7-4668-BE54-9A1E7A4F7556}") = "Haengma.GS", "Haengma.GS\Haengma.GS.csproj", "{D4B4F451-8E6A-422F-814C-840EA1D43360}"
EndProject
Project("{9A19103F-16F7-4668-BE54-9A1E7A4F7556}") = "Haengma.Backend", "Haengma.Backend\Haengma.Backend.csproj", "{FE1D27AB-874E-4A4F-88D1-733BBE2E72CE}"
EndProject
Global
	GlobalSection(SolutionConfigurationPlatforms) = preSolution
		Debug|Any CPU = Debug|Any CPU
		Release|Any CPU = Release|Any CPU
	EndGlobalSection
	GlobalSection(ProjectConfigurationPlatforms) = postSolution
		{73F3E969-5038-4824-8C00-F7306AA061A1}.Debug|Any CPU.ActiveCfg = Debug|Any CPU
		{73F3E969-5038-4824-8C00-F7306AA061A1}.Debug|Any CPU.Build.0 = Debug|Any CPU
		{73F3E969-5038-4824-8C00-F7306AA061A1}.Release|Any CPU.ActiveCfg = Release|Any CPU
		{73F3E969-5038-4824-8C00-F7306AA061A1}.Release|Any CPU.Build.0 = Release|Any CPU
		{D4B4F451-8E6A-422F-814C-840EA1D43360}.Debug|Any CPU.ActiveCfg = Debug|Any CPU
		{D4B4F451-8E6A-422F-814C-840EA1D43360}.Debug|Any CPU.Build.0 = Debug|Any CPU
		{D4B4F451-8E6A-422F-814C-840EA1D43360}.Release|Any CPU.ActiveCfg = Release|Any CPU
		{D4B4F451-8E6A-422F-814C-840EA1D43360}.Release|Any CPU.Build.0 = Release|Any CPU
		{FE1D27AB-874E-4A4F-88D1-733BBE2E72CE}.Debug|Any CPU.ActiveCfg = Debug|Any CPU
		{FE1D27AB-874E-4A4F-88D1-733BBE2E72CE}.Debug|Any CPU.Build.0 = Debug|Any CPU
		{FE1D27AB-874E-4A4F-88D1-733BBE2E72CE}.Release|Any CPU.ActiveCfg = Release|Any CPU
		{FE1D27AB-874E-4A4F-88D1-733BBE2E72CE}.Release|Any CPU.Build.0 = Release|Any CPU
	EndGlobalSection
	GlobalSection(SolutionProperties) = preSolution
		HideSolutionNode = FALSE
	EndGlobalSection
	GlobalSection(ExtensibilityGlobals) = postSolution
		SolutionGuid = {4A8222FE-5E3D-4893-80C6-9CBEFDB5F9D8}
	EndGlobalSection
EndGlobal
