
Microsoft Visual Studio Solution File, Format Version 12.00
# Visual Studio Version 16
VisualStudioVersion = 16.0.28803.352
MinimumVisualStudioVersion = 10.0.40219.1
Project("{9A19103F-16F7-4668-BE54-9A1E7A4F7556}") = "Haengma.SGF", "Haengma.SGF\Haengma.SGF.csproj", "{97CC6F8C-2444-4DF9-90C3-311DE8DDD396}"
EndProject
Project("{9A19103F-16F7-4668-BE54-9A1E7A4F7556}") = "Haengma.GTP", "Haengma.GTP\Haengma.GTP.csproj", "{162B6328-ECC2-4F2C-9491-DBB47106A779}"
EndProject
Project("{9A19103F-16F7-4668-BE54-9A1E7A4F7556}") = "Haengma.GIB", "Haengma.GIB\Haengma.GIB.csproj", "{E9E8583A-2BCB-469B-9B35-9BA8FD9F8788}"
EndProject
Project("{9A19103F-16F7-4668-BE54-9A1E7A4F7556}") = "Haengma.GibToSgfConverter", "Haengma.GibToSgfConverter\Haengma.GibToSgfConverter.csproj", "{31107FD2-8391-4A1E-948B-48182E84BF4B}"
EndProject
Global
	GlobalSection(SolutionConfigurationPlatforms) = preSolution
		Debug|Any CPU = Debug|Any CPU
		Release|Any CPU = Release|Any CPU
	EndGlobalSection
	GlobalSection(ProjectConfigurationPlatforms) = postSolution
		{97CC6F8C-2444-4DF9-90C3-311DE8DDD396}.Debug|Any CPU.ActiveCfg = Debug|Any CPU
		{97CC6F8C-2444-4DF9-90C3-311DE8DDD396}.Debug|Any CPU.Build.0 = Debug|Any CPU
		{97CC6F8C-2444-4DF9-90C3-311DE8DDD396}.Release|Any CPU.ActiveCfg = Release|Any CPU
		{97CC6F8C-2444-4DF9-90C3-311DE8DDD396}.Release|Any CPU.Build.0 = Release|Any CPU
		{162B6328-ECC2-4F2C-9491-DBB47106A779}.Debug|Any CPU.ActiveCfg = Debug|Any CPU
		{162B6328-ECC2-4F2C-9491-DBB47106A779}.Debug|Any CPU.Build.0 = Debug|Any CPU
		{162B6328-ECC2-4F2C-9491-DBB47106A779}.Release|Any CPU.ActiveCfg = Release|Any CPU
		{162B6328-ECC2-4F2C-9491-DBB47106A779}.Release|Any CPU.Build.0 = Release|Any CPU
		{E9E8583A-2BCB-469B-9B35-9BA8FD9F8788}.Debug|Any CPU.ActiveCfg = Debug|Any CPU
		{E9E8583A-2BCB-469B-9B35-9BA8FD9F8788}.Debug|Any CPU.Build.0 = Debug|Any CPU
		{E9E8583A-2BCB-469B-9B35-9BA8FD9F8788}.Release|Any CPU.ActiveCfg = Release|Any CPU
		{E9E8583A-2BCB-469B-9B35-9BA8FD9F8788}.Release|Any CPU.Build.0 = Release|Any CPU
		{31107FD2-8391-4A1E-948B-48182E84BF4B}.Debug|Any CPU.ActiveCfg = Debug|Any CPU
		{31107FD2-8391-4A1E-948B-48182E84BF4B}.Debug|Any CPU.Build.0 = Debug|Any CPU
		{31107FD2-8391-4A1E-948B-48182E84BF4B}.Release|Any CPU.ActiveCfg = Release|Any CPU
		{31107FD2-8391-4A1E-948B-48182E84BF4B}.Release|Any CPU.Build.0 = Release|Any CPU
	EndGlobalSection
	GlobalSection(SolutionProperties) = preSolution
		HideSolutionNode = FALSE
	EndGlobalSection
	GlobalSection(ExtensibilityGlobals) = postSolution
		SolutionGuid = {4A8222FE-5E3D-4893-80C6-9CBEFDB5F9D8}
	EndGlobalSection
EndGlobal
